
Microsoft Visual Studio Solution File, Format Version 12.00
# Visual Studio Version 17
VisualStudioVersion = 17.11.35327.3
MinimumVisualStudioVersion = 10.0.40219.1
Project("{FAE04EC0-301F-11D3-BF4B-00C04F79EFBC}") = "spamovani_na_minimum", "spamovani_na_minimum\spamovani_na_minimum.csproj", "{E46CB800-8317-40F0-B8B9-65D23F4B51E9}"
EndProject
Global
	GlobalSection(SolutionConfigurationPlatforms) = preSolution
		Debug|Any CPU = Debug|Any CPU
		Release|Any CPU = Release|Any CPU
	EndGlobalSection
	GlobalSection(ProjectConfigurationPlatforms) = postSolution
		{E46CB800-8317-40F0-B8B9-65D23F4B51E9}.Debug|Any CPU.ActiveCfg = Debug|Any CPU
		{E46CB800-8317-40F0-B8B9-65D23F4B51E9}.Debug|Any CPU.Build.0 = Debug|Any CPU
		{E46CB800-8317-40F0-B8B9-65D23F4B51E9}.Release|Any CPU.ActiveCfg = Release|Any CPU
		{E46CB800-8317-40F0-B8B9-65D23F4B51E9}.Release|Any CPU.Build.0 = Release|Any CPU
	EndGlobalSection
	GlobalSection(SolutionProperties) = preSolution
		HideSolutionNode = FALSE
	EndGlobalSection
	GlobalSection(ExtensibilityGlobals) = postSolution
		SolutionGuid = {09ABA775-8DC4-4787-9930-50C42592AC0A}
	EndGlobalSection
EndGlobal
