
Microsoft Visual Studio Solution File, Format Version 12.00
# Visual Studio Version 17
VisualStudioVersion = 17.11.35327.3
MinimumVisualStudioVersion = 10.0.40219.1
Project("{FAE04EC0-301F-11D3-BF4B-00C04F79EFBC}") = "propadavaci_piskvorky", "propadavaci_piskvorky\propadavaci_piskvorky.csproj", "{4047ABB8-537A-4604-B591-53BA059BCBB0}"
EndProject
Global
	GlobalSection(SolutionConfigurationPlatforms) = preSolution
		Debug|Any CPU = Debug|Any CPU
		Release|Any CPU = Release|Any CPU
	EndGlobalSection
	GlobalSection(ProjectConfigurationPlatforms) = postSolution
		{4047ABB8-537A-4604-B591-53BA059BCBB0}.Debug|Any CPU.ActiveCfg = Debug|Any CPU
		{4047ABB8-537A-4604-B591-53BA059BCBB0}.Debug|Any CPU.Build.0 = Debug|Any CPU
		{4047ABB8-537A-4604-B591-53BA059BCBB0}.Release|Any CPU.ActiveCfg = Release|Any CPU
		{4047ABB8-537A-4604-B591-53BA059BCBB0}.Release|Any CPU.Build.0 = Release|Any CPU
	EndGlobalSection
	GlobalSection(SolutionProperties) = preSolution
		HideSolutionNode = FALSE
	EndGlobalSection
	GlobalSection(ExtensibilityGlobals) = postSolution
		SolutionGuid = {EADA3715-6D42-48D3-AEEE-4C8D5C945BC8}
	EndGlobalSection
EndGlobal
